
Microsoft Visual Studio Solution File, Format Version 12.00
# Visual Studio Version 17
VisualStudioVersion = 17.14.36623.8 d17.14
MinimumVisualStudioVersion = 10.0.40219.1
Project("{FAE04EC0-301F-11D3-BF4B-00C04F79EFBC}") = "[S]-Single Responsibility Principle", "[S]-Single Responsibility Principle\[S]-Single Responsibility Principle.csproj", "{1765DD44-96E4-49B2-9446-13C78289B77E}"
EndProject
Global
	GlobalSection(SolutionConfigurationPlatforms) = preSolution
		Debug|Any CPU = Debug|Any CPU
		Release|Any CPU = Release|Any CPU
	EndGlobalSection
	GlobalSection(ProjectConfigurationPlatforms) = postSolution
		{1765DD44-96E4-49B2-9446-13C78289B77E}.Debug|Any CPU.ActiveCfg = Debug|Any CPU
		{1765DD44-96E4-49B2-9446-13C78289B77E}.Debug|Any CPU.Build.0 = Debug|Any CPU
		{1765DD44-96E4-49B2-9446-13C78289B77E}.Release|Any CPU.ActiveCfg = Release|Any CPU
		{1765DD44-96E4-49B2-9446-13C78289B77E}.Release|Any CPU.Build.0 = Release|Any CPU
	EndGlobalSection
	GlobalSection(SolutionProperties) = preSolution
		HideSolutionNode = FALSE
	EndGlobalSection
	GlobalSection(ExtensibilityGlobals) = postSolution
		SolutionGuid = {369E0979-01EE-457F-9990-DF068504320F}
	EndGlobalSection
EndGlobal
